{
  "version": 4,
  "terraform_version": "0.14.9",
  "serial": 1,
  "lineage": "f55b230b-ac7a-91d2-ee96-ffd0ddffa302",
  "outputs": {},
  "resources": [
    {
      "mode": "managed",
      "type": "google_project",
      "name": "cft-seed",
      "provider": "provider[\"registry.terraform.io/hashicorp/google\"]",
      "instances": [
        {
          "schema_version": 1,
          "attributes": {
            "auto_create_network": true,
            "billing_account": "015DD3-011889-5FF4CB",
            "folder_id": "71450716765",
            "id": "projects/cft-seed-50a5",
            "labels": {},
            "name": "cft-seed",
            "number": "929099167454",
            "org_id": "",
            "project_id": "cft-seed-50a5",
            "skip_delete": null,
            "timeouts": {
              "create": null,
              "delete": null,
              "read": null,
              "update": null
            }
          },
          "sensitive_attributes": [],
          "private": "eyJlMmJmYjczMC1lY2FhLTExZTYtOGY4OC0zNDM2M2JjN2M0YzAiOnsiY3JlYXRlIjo2MDAwMDAwMDAwMDAsImRlbGV0ZSI6NjAwMDAwMDAwMDAwLCJyZWFkIjo2MDAwMDAwMDAwMDAsInVwZGF0ZSI6NjAwMDAwMDAwMDAwfSwic2NoZW1hX3ZlcnNpb24iOiIxIn0="
        }
      ]
    }
  ]
}
