{
  "version": 4,
  "terraform_version": "0.14.9",
  "serial": 7,
  "lineage": "abec0ae6-acd4-0db4-44b4-d9883eb6cd3c",
  "outputs": {
    "folder_ids": {
      "value": {},
      "type": [
        "object",
        {}
      ]
    }
  },
  "resources": [
    {
      "module": "module.Folder.module.org_folders",
      "mode": "managed",
      "type": "google_folder",
      "name": "folders",
      "provider": "provider[\"registry.terraform.io/hashicorp/google\"]",
      "instances": [
        {
          "index_key": "ap",
          "schema_version": 0,
          "attributes": {
            "create_time": "2021-04-20T11:53:59.404Z",
            "display_name": "ap",
            "folder_id": "106228028112",
            "id": "folders/106228028112",
            "lifecycle_state": "ACTIVE",
            "name": "folders/106228028112",
            "parent": "organizations/401539512258",
            "timeouts": null
          },
          "sensitive_attributes": [],
          "private": "eyJlMmJmYjczMC1lY2FhLTExZTYtOGY4OC0zNDM2M2JjN2M0YzAiOnsiY3JlYXRlIjoyNDAwMDAwMDAwMDAsImRlbGV0ZSI6MjQwMDAwMDAwMDAwLCJyZWFkIjoyNDAwMDAwMDAwMDAsInVwZGF0ZSI6MjQwMDAwMDAwMDAwfX0="
        },
        {
          "index_key": "eu",
          "schema_version": 0,
          "attributes": {
            "create_time": "2021-04-20T11:53:59.555Z",
            "display_name": "eu",
            "folder_id": "787257959559",
            "id": "folders/787257959559",
            "lifecycle_state": "ACTIVE",
            "name": "folders/787257959559",
            "parent": "organizations/401539512258",
            "timeouts": null
          },
          "sensitive_attributes": [],
          "private": "eyJlMmJmYjczMC1lY2FhLTExZTYtOGY4OC0zNDM2M2JjN2M0YzAiOnsiY3JlYXRlIjoyNDAwMDAwMDAwMDAsImRlbGV0ZSI6MjQwMDAwMDAwMDAwLCJyZWFkIjoyNDAwMDAwMDAwMDAsInVwZGF0ZSI6MjQwMDAwMDAwMDAwfX0="
        },
        {
          "index_key": "us",
          "schema_version": 0,
          "attributes": {
            "create_time": "2021-04-20T11:53:59.248Z",
            "display_name": "us",
            "folder_id": "260650146930",
            "id": "folders/260650146930",
            "lifecycle_state": "ACTIVE",
            "name": "folders/260650146930",
            "parent": "organizations/401539512258",
            "timeouts": null
          },
          "sensitive_attributes": [],
          "private": "eyJlMmJmYjczMC1lY2FhLTExZTYtOGY4OC0zNDM2M2JjN2M0YzAiOnsiY3JlYXRlIjoyNDAwMDAwMDAwMDAsImRlbGV0ZSI6MjQwMDAwMDAwMDAwLCJyZWFkIjoyNDAwMDAwMDAwMDAsInVwZGF0ZSI6MjQwMDAwMDAwMDAwfX0="
        }
      ]
    }
  ]
}
